
Microsoft Visual Studio Solution File, Format Version 12.00
# Visual Studio Version 17
VisualStudioVersion = 17.10.35013.160
MinimumVisualStudioVersion = 10.0.40219.1
Project("{9A19103F-16F7-4668-BE54-9A1E7A4F7556}") = "NoitirunApp", "NoitirunApp\NoitirunApp.csproj", "{2062BF28-2510-4143-9F4E-57D1FE2F2135}"
EndProject
Project("{9A19103F-16F7-4668-BE54-9A1E7A4F7556}") = "Noitirun.EF", "Noitirun.EF\Noitirun.EF.csproj", "{E69DD50F-3015-401A-8927-77A2A30CD24E}"
EndProject
Project("{9A19103F-16F7-4668-BE54-9A1E7A4F7556}") = "Noitirun.Core", "Noitirun.Core\Noitirun.Core.csproj", "{2D6A6A00-816A-4EFB-925C-EE4E7C1BB8C6}"
EndProject
Project("{2150E333-8FDC-42A3-9474-1A3956D46DE8}") = "Commun", "Commun", "{6A8C3CD1-3064-47BA-8CE2-37D9D2D5A0CB}"
EndProject
Project("{2150E333-8FDC-42A3-9474-1A3956D46DE8}") = "Services", "Services", "{BD6C1332-93AD-413B-923A-77D1F7A2A3EE}"
EndProject
Project("{9A19103F-16F7-4668-BE54-9A1E7A4F7556}") = "Commun.Application.seedWork", "Commun.Application.seedWork\Commun.Application.seedWork.csproj", "{77E81D9D-AFF0-45F3-8930-E82C5B1726C6}"
EndProject
Project("{FAE04EC0-301F-11D3-BF4B-00C04F79EFBC}") = "Noitirun.Test", "NoitirunApp.Test\Noitirun.Test.csproj", "{C9679912-42F1-4525-9040-63CE74A92A71}"
EndProject
Global
	GlobalSection(SolutionConfigurationPlatforms) = preSolution
		Debug|Any CPU = Debug|Any CPU
		Release|Any CPU = Release|Any CPU
	EndGlobalSection
	GlobalSection(ProjectConfigurationPlatforms) = postSolution
		{2062BF28-2510-4143-9F4E-57D1FE2F2135}.Debug|Any CPU.ActiveCfg = Debug|Any CPU
		{2062BF28-2510-4143-9F4E-57D1FE2F2135}.Debug|Any CPU.Build.0 = Debug|Any CPU
		{2062BF28-2510-4143-9F4E-57D1FE2F2135}.Release|Any CPU.ActiveCfg = Release|Any CPU
		{2062BF28-2510-4143-9F4E-57D1FE2F2135}.Release|Any CPU.Build.0 = Release|Any CPU
		{E69DD50F-3015-401A-8927-77A2A30CD24E}.Debug|Any CPU.ActiveCfg = Debug|Any CPU
		{E69DD50F-3015-401A-8927-77A2A30CD24E}.Debug|Any CPU.Build.0 = Debug|Any CPU
		{E69DD50F-3015-401A-8927-77A2A30CD24E}.Release|Any CPU.ActiveCfg = Release|Any CPU
		{E69DD50F-3015-401A-8927-77A2A30CD24E}.Release|Any CPU.Build.0 = Release|Any CPU
		{2D6A6A00-816A-4EFB-925C-EE4E7C1BB8C6}.Debug|Any CPU.ActiveCfg = Debug|Any CPU
		{2D6A6A00-816A-4EFB-925C-EE4E7C1BB8C6}.Debug|Any CPU.Build.0 = Debug|Any CPU
		{2D6A6A00-816A-4EFB-925C-EE4E7C1BB8C6}.Release|Any CPU.ActiveCfg = Release|Any CPU
		{2D6A6A00-816A-4EFB-925C-EE4E7C1BB8C6}.Release|Any CPU.Build.0 = Release|Any CPU
		{77E81D9D-AFF0-45F3-8930-E82C5B1726C6}.Debug|Any CPU.ActiveCfg = Debug|Any CPU
		{77E81D9D-AFF0-45F3-8930-E82C5B1726C6}.Debug|Any CPU.Build.0 = Debug|Any CPU
		{77E81D9D-AFF0-45F3-8930-E82C5B1726C6}.Release|Any CPU.ActiveCfg = Release|Any CPU
		{77E81D9D-AFF0-45F3-8930-E82C5B1726C6}.Release|Any CPU.Build.0 = Release|Any CPU
		{C9679912-42F1-4525-9040-63CE74A92A71}.Debug|Any CPU.ActiveCfg = Debug|Any CPU
		{C9679912-42F1-4525-9040-63CE74A92A71}.Debug|Any CPU.Build.0 = Debug|Any CPU
		{C9679912-42F1-4525-9040-63CE74A92A71}.Release|Any CPU.ActiveCfg = Release|Any CPU
		{C9679912-42F1-4525-9040-63CE74A92A71}.Release|Any CPU.Build.0 = Release|Any CPU
	EndGlobalSection
	GlobalSection(SolutionProperties) = preSolution
		HideSolutionNode = FALSE
	EndGlobalSection
	GlobalSection(NestedProjects) = preSolution
		{77E81D9D-AFF0-45F3-8930-E82C5B1726C6} = {6A8C3CD1-3064-47BA-8CE2-37D9D2D5A0CB}
	EndGlobalSection
	GlobalSection(ExtensibilityGlobals) = postSolution
		SolutionGuid = {22BB51EB-1497-453E-A881-386C9F9BD813}
	EndGlobalSection
EndGlobal
